
Microsoft Visual Studio Solution File, Format Version 12.00
# Visual Studio Version 17
VisualStudioVersion = 17.5.002.0
MinimumVisualStudioVersion = 10.0.40219.1
Project("{9A19103F-16F7-4668-BE54-9A1E7A4F7556}") = "TestProject", "TestProject.csproj", "{B193F834-6B48-404B-856E-74A70C5CFD50}"
EndProject
Global
	GlobalSection(SolutionConfigurationPlatforms) = preSolution
		Debug|Any CPU = Debug|Any CPU
		Release|Any CPU = Release|Any CPU
	EndGlobalSection
	GlobalSection(ProjectConfigurationPlatforms) = postSolution
		{B193F834-6B48-404B-856E-74A70C5CFD50}.Debug|Any CPU.ActiveCfg = Debug|Any CPU
		{B193F834-6B48-404B-856E-74A70C5CFD50}.Debug|Any CPU.Build.0 = Debug|Any CPU
		{B193F834-6B48-404B-856E-74A70C5CFD50}.Release|Any CPU.ActiveCfg = Release|Any CPU
		{B193F834-6B48-404B-856E-74A70C5CFD50}.Release|Any CPU.Build.0 = Release|Any CPU
	EndGlobalSection
	GlobalSection(SolutionProperties) = preSolution
		HideSolutionNode = FALSE
	EndGlobalSection
	GlobalSection(ExtensibilityGlobals) = postSolution
		SolutionGuid = {6C953626-5F1E-4AAA-A7DB-117BC22CAB36}
	EndGlobalSection
EndGlobal
